<Solution>
  <Folder Name="/sdk/">
    <Project Path="sdk/dotnet/Achai.Client/Achai.Client.csproj" />
  </Folder>
  <Folder Name="/src/">
    <Project Path="src/api/Achai.Api.csproj" />
  </Folder>
  <Folder Name="/tests/">
    <Project Path="tests/Achai.Api.ContractTests/Achai.Api.ContractTests.csproj" />
    <Project Path="tests/Achai.Api.Tests/Achai.Api.Tests.csproj" />
  </Folder>
</Solution>
